
Microsoft Visual Studio Solution File, Format Version 12.00
# Visual Studio Version 17
VisualStudioVersion = 17.14.36915.13 d17.14
MinimumVisualStudioVersion = 10.0.40219.1
Project("{FAE04EC0-301F-11D3-BF4B-00C04F79EFBC}") = "建構式", "建構式.csproj", "{BEB20049-DD5C-4DE3-AD91-299A4501C4E2}"
EndProject
Global
	GlobalSection(SolutionConfigurationPlatforms) = preSolution
		Debug|Any CPU = Debug|Any CPU
		Release|Any CPU = Release|Any CPU
	EndGlobalSection
	GlobalSection(ProjectConfigurationPlatforms) = postSolution
		{BEB20049-DD5C-4DE3-AD91-299A4501C4E2}.Debug|Any CPU.ActiveCfg = Debug|Any CPU
		{BEB20049-DD5C-4DE3-AD91-299A4501C4E2}.Debug|Any CPU.Build.0 = Debug|Any CPU
		{BEB20049-DD5C-4DE3-AD91-299A4501C4E2}.Release|Any CPU.ActiveCfg = Release|Any CPU
		{BEB20049-DD5C-4DE3-AD91-299A4501C4E2}.Release|Any CPU.Build.0 = Release|Any CPU
	EndGlobalSection
	GlobalSection(SolutionProperties) = preSolution
		HideSolutionNode = FALSE
	EndGlobalSection
	GlobalSection(ExtensibilityGlobals) = postSolution
		SolutionGuid = {5B41D91C-C9C8-428C-BE3B-9B0C4F004CEF}
	EndGlobalSection
EndGlobal
