
Microsoft Visual Studio Solution File, Format Version 12.00
# Visual Studio Version 17
VisualStudioVersion = 17.14.36915.13 d17.14
MinimumVisualStudioVersion = 10.0.40219.1
Project("{FAE04EC0-301F-11D3-BF4B-00C04F79EFBC}") = "WindowsFormsApp3", "WindowsFormsApp3\WindowsFormsApp3.csproj", "{EE56DA7A-C20E-4540-A72D-E1E3BBC8B758}"
EndProject
Global
	GlobalSection(SolutionConfigurationPlatforms) = preSolution
		Debug|Any CPU = Debug|Any CPU
		Release|Any CPU = Release|Any CPU
	EndGlobalSection
	GlobalSection(ProjectConfigurationPlatforms) = postSolution
		{EE56DA7A-C20E-4540-A72D-E1E3BBC8B758}.Debug|Any CPU.ActiveCfg = Debug|Any CPU
		{EE56DA7A-C20E-4540-A72D-E1E3BBC8B758}.Debug|Any CPU.Build.0 = Debug|Any CPU
		{EE56DA7A-C20E-4540-A72D-E1E3BBC8B758}.Release|Any CPU.ActiveCfg = Release|Any CPU
		{EE56DA7A-C20E-4540-A72D-E1E3BBC8B758}.Release|Any CPU.Build.0 = Release|Any CPU
	EndGlobalSection
	GlobalSection(SolutionProperties) = preSolution
		HideSolutionNode = FALSE
	EndGlobalSection
	GlobalSection(ExtensibilityGlobals) = postSolution
		SolutionGuid = {6346C57C-10C6-4433-A916-32FC9F51ACD2}
	EndGlobalSection
EndGlobal
