
Microsoft Visual Studio Solution File, Format Version 12.00
# Visual Studio Version 17
VisualStudioVersion = 17.14.36915.13 d17.14
MinimumVisualStudioVersion = 10.0.40219.1
Project("{FAE04EC0-301F-11D3-BF4B-00C04F79EFBC}") = "WindowsFormsApp1", "WindowsFormsApp1\WindowsFormsApp1.csproj", "{7E2CD4D3-C350-4F30-9F15-7127347300A1}"
EndProject
Global
	GlobalSection(SolutionConfigurationPlatforms) = preSolution
		Debug|Any CPU = Debug|Any CPU
		Release|Any CPU = Release|Any CPU
	EndGlobalSection
	GlobalSection(ProjectConfigurationPlatforms) = postSolution
		{7E2CD4D3-C350-4F30-9F15-7127347300A1}.Debug|Any CPU.ActiveCfg = Debug|Any CPU
		{7E2CD4D3-C350-4F30-9F15-7127347300A1}.Debug|Any CPU.Build.0 = Debug|Any CPU
		{7E2CD4D3-C350-4F30-9F15-7127347300A1}.Release|Any CPU.ActiveCfg = Release|Any CPU
		{7E2CD4D3-C350-4F30-9F15-7127347300A1}.Release|Any CPU.Build.0 = Release|Any CPU
	EndGlobalSection
	GlobalSection(SolutionProperties) = preSolution
		HideSolutionNode = FALSE
	EndGlobalSection
	GlobalSection(ExtensibilityGlobals) = postSolution
		SolutionGuid = {BB2BE197-F775-434F-89F0-9803FA6963D5}
	EndGlobalSection
EndGlobal
