
Microsoft Visual Studio Solution File, Format Version 12.00
# Visual Studio Version 17
VisualStudioVersion = 17.14.36915.13 d17.14
MinimumVisualStudioVersion = 10.0.40219.1
Project("{FAE04EC0-301F-11D3-BF4B-00C04F79EFBC}") = "一", "一\一.csproj", "{60233CF8-3187-43A2-A59E-AED6DD1A7296}"
EndProject
Global
	GlobalSection(SolutionConfigurationPlatforms) = preSolution
		Debug|Any CPU = Debug|Any CPU
		Release|Any CPU = Release|Any CPU
	EndGlobalSection
	GlobalSection(ProjectConfigurationPlatforms) = postSolution
		{60233CF8-3187-43A2-A59E-AED6DD1A7296}.Debug|Any CPU.ActiveCfg = Debug|Any CPU
		{60233CF8-3187-43A2-A59E-AED6DD1A7296}.Debug|Any CPU.Build.0 = Debug|Any CPU
		{60233CF8-3187-43A2-A59E-AED6DD1A7296}.Release|Any CPU.ActiveCfg = Release|Any CPU
		{60233CF8-3187-43A2-A59E-AED6DD1A7296}.Release|Any CPU.Build.0 = Release|Any CPU
	EndGlobalSection
	GlobalSection(SolutionProperties) = preSolution
		HideSolutionNode = FALSE
	EndGlobalSection
	GlobalSection(ExtensibilityGlobals) = postSolution
		SolutionGuid = {BA40916B-FD83-4FF3-8343-FEA20C5E5DE2}
	EndGlobalSection
EndGlobal
