
Microsoft Visual Studio Solution File, Format Version 12.00
# Visual Studio Version 17
VisualStudioVersion = 17.14.36915.13 d17.14
MinimumVisualStudioVersion = 10.0.40219.1
Project("{FAE04EC0-301F-11D3-BF4B-00C04F79EFBC}") = "StaticMember", "StaticMember.csproj", "{F449C32A-4B04-43D9-8ECC-177A8FBDB540}"
EndProject
Global
	GlobalSection(SolutionConfigurationPlatforms) = preSolution
		Debug|Any CPU = Debug|Any CPU
		Release|Any CPU = Release|Any CPU
	EndGlobalSection
	GlobalSection(ProjectConfigurationPlatforms) = postSolution
		{F449C32A-4B04-43D9-8ECC-177A8FBDB540}.Debug|Any CPU.ActiveCfg = Debug|Any CPU
		{F449C32A-4B04-43D9-8ECC-177A8FBDB540}.Debug|Any CPU.Build.0 = Debug|Any CPU
		{F449C32A-4B04-43D9-8ECC-177A8FBDB540}.Release|Any CPU.ActiveCfg = Release|Any CPU
		{F449C32A-4B04-43D9-8ECC-177A8FBDB540}.Release|Any CPU.Build.0 = Release|Any CPU
	EndGlobalSection
	GlobalSection(SolutionProperties) = preSolution
		HideSolutionNode = FALSE
	EndGlobalSection
	GlobalSection(ExtensibilityGlobals) = postSolution
		SolutionGuid = {E567935D-1A33-475A-9992-841FDF7DA75D}
	EndGlobalSection
EndGlobal
