
Microsoft Visual Studio Solution File, Format Version 12.00
# Visual Studio Version 17
VisualStudioVersion = 17.14.36518.9 d17.14
MinimumVisualStudioVersion = 10.0.40219.1
Project("{FAE04EC0-301F-11D3-BF4B-00C04F79EFBC}") = "accounting version", "accounting version\accounting version.csproj", "{FABBC4FF-A550-4132-A687-3F70882EDE48}"
EndProject
Global
	GlobalSection(SolutionConfigurationPlatforms) = preSolution
		Debug|Any CPU = Debug|Any CPU
		Release|Any CPU = Release|Any CPU
	EndGlobalSection
	GlobalSection(ProjectConfigurationPlatforms) = postSolution
		{FABBC4FF-A550-4132-A687-3F70882EDE48}.Debug|Any CPU.ActiveCfg = Debug|Any CPU
		{FABBC4FF-A550-4132-A687-3F70882EDE48}.Debug|Any CPU.Build.0 = Debug|Any CPU
		{FABBC4FF-A550-4132-A687-3F70882EDE48}.Release|Any CPU.ActiveCfg = Release|Any CPU
		{FABBC4FF-A550-4132-A687-3F70882EDE48}.Release|Any CPU.Build.0 = Release|Any CPU
	EndGlobalSection
	GlobalSection(SolutionProperties) = preSolution
		HideSolutionNode = FALSE
	EndGlobalSection
	GlobalSection(ExtensibilityGlobals) = postSolution
		SolutionGuid = {34501218-6CAE-4DA3-92A6-D560BB3055DA}
	EndGlobalSection
EndGlobal
